{
  "requires": true,
  "lockfileVersion": 1,
  "dependencies": {
    "@fluentui-react-native/adapters": {
      "version": "0.7.4",
      "resolved": "https://registry.npmjs.org/@fluentui-react-native/adapters/-/adapters-0.7.4.tgz",
      "integrity": "sha512-tBHcYd1UbwRTjfLnJkDw1ETbIex6vuUccS6wl7T718/c78nf3grDrFq49ylCKWoaC0XTMdZ4+avlbYPUvcpLMQ=="
    },
    "@fluentui-react-native/button": {
      "version": "0.20.11",
      "resolved": "https://registry.npmjs.org/@fluentui-react-native/button/-/button-0.20.11.tgz",
      "integrity": "sha512-E9jP2Bkau8m2o4rOrqlKSHW00XBatbBdzF2jvMubAupMT54CZO/2SpK9wa1UwyM8QzwrWC7buEaXC0TN2lpaaQ==",
      "requires": {
        "@fluentui-react-native/adapters": ">=0.7.4 <1.0.0",
        "@fluentui-react-native/icon": "0.8.25",
        "@fluentui-react-native/interactive-hooks": ">=0.10.49 <1.0.0",
        "@fluentui-react-native/pressable": ">=0.7.25 <1.0.0",
        "@fluentui-react-native/text": ">=0.10.20 <1.0.0",
        "@fluentui-react-native/tokens": ">=0.10.0 <1.0.0",
        "@uifabricshared/foundation-composable": ">=0.9.2 <1.0.0",
        "@uifabricshared/foundation-compose": "^1.10.18",
        "@uifabricshared/foundation-settings": ">=0.10.2 <1.0.0"
      }
    },
    "@fluentui-react-native/callout": {
      "version": "0.17.25",
      "resolved": "https://registry.npmjs.org/@fluentui-react-native/callout/-/callout-0.17.25.tgz",
      "integrity": "sha512-rxslO8TofXqv3AIbbYj+w/4KBcUmH2YiJgmO8DQVCm5xJFBqXzyjEX1YB5NGBo4C88qN+3JhDyF6ZgeoBRqWhg==",
      "requires": {
        "@fluentui-react-native/component-cache": "^1.2.3",
        "@fluentui-react-native/interactive-hooks": ">=0.10.49 <1.0.0",
        "@fluentui-react-native/tokens": ">=0.10.0 <1.0.0",
        "@uifabricshared/foundation-composable": ">=0.9.2 <1.0.0",
        "@uifabricshared/foundation-compose": "^1.10.18",
        "@uifabricshared/foundation-settings": ">=0.10.2 <1.0.0"
      }
    },
    "@fluentui-react-native/checkbox": {
      "version": "0.13.12",
      "resolved": "https://registry.npmjs.org/@fluentui-react-native/checkbox/-/checkbox-0.13.12.tgz",
      "integrity": "sha512-Vs8TMJdjd0Q5rUGGgdzt48B9ogYtlG8+trvumgKnPOoX7KkqPfD9we2gOfxwE2KRHznh+XDvwNiTX7b4bUnLng==",
      "requires": {
        "@fluentui-react-native/adapters": ">=0.7.4 <1.0.0",
        "@fluentui-react-native/interactive-hooks": ">=0.10.49 <1.0.0",
        "@fluentui-react-native/pressable": ">=0.7.25 <1.0.0",
        "@fluentui-react-native/text": ">=0.10.20 <1.0.0",
        "@fluentui-react-native/tokens": ">=0.10.0 <1.0.0",
        "@uifabricshared/foundation-composable": ">=0.9.2 <1.0.0",
        "@uifabricshared/foundation-compose": "^1.10.18",
        "@uifabricshared/foundation-settings": ">=0.10.2 <1.0.0"
      }
    },
    "@fluentui-react-native/component-cache": {
      "version": "1.2.3",
      "resolved": "https://registry.npmjs.org/@fluentui-react-native/component-cache/-/component-cache-1.2.3.tgz",
      "integrity": "sha512-hetJ5BP5aOYGnSbuRfvv5g+p4D0HCD+wX42nWF8g9m9xQe4oJMFSU3MgP1JH4e/pj2AED19jzyPqzE50s1Kbug=="
    },
    "@fluentui-react-native/composition": {
      "version": "0.6.10",
      "resolved": "https://registry.npmjs.org/@fluentui-react-native/composition/-/composition-0.6.10.tgz",
      "integrity": "sha512-55bwvLrARSCnM3W1JAhy/XKbo0vMFcgm+NgWZje/4lfswpS0owUAVobdcs/xnq6YyWBkW3AOF/QsLLSzUSHRJg==",
      "requires": {
        "@fluentui-react-native/immutable-merge": "^1.1.3",
        "@fluentui-react-native/use-slot": ">=0.1.6 <1.0.0",
        "@fluentui-react-native/use-slots": ">=0.5.8 <1.0.0",
        "@fluentui-react-native/use-styling": ">=0.7.0 <1.0.0"
      }
    },
    "@fluentui-react-native/contextual-menu": {
      "version": "0.10.26",
      "resolved": "https://registry.npmjs.org/@fluentui-react-native/contextual-menu/-/contextual-menu-0.10.26.tgz",
      "integrity": "sha512-njAUPoJl3yUsZLNBcBRR8azQ4XHWkBuWJ29rxSItcU6jAXczZdZn471aiBpgT4/iXDON+6oHELAuWmch20wdHw==",
      "requires": {
        "@fluentui-react-native/callout": ">=0.17.25 <1.0.0",
        "@fluentui-react-native/icon": "0.8.25",
        "@fluentui-react-native/interactive-hooks": ">=0.10.49 <1.0.0",
        "@fluentui-react-native/text": ">=0.10.20 <1.0.0",
        "@fluentui-react-native/tokens": ">=0.10.0 <1.0.0",
        "@uifabricshared/foundation-composable": ">=0.9.2 <1.0.0",
        "@uifabricshared/foundation-compose": "^1.10.18",
        "@uifabricshared/foundation-settings": ">=0.10.2 <1.0.0"
      }
    },
    "@fluentui-react-native/default-theme": {
      "version": "0.8.7",
      "resolved": "https://registry.npmjs.org/@fluentui-react-native/default-theme/-/default-theme-0.8.7.tgz",
      "integrity": "sha512-F9OanVlDwaTXqJNYzaUjW1Rd9891z6BAxJiufZ0ZLOzvvHiGuBhNncQhlXGID/6dpyGNi53P4KfimH8cLxwHAQ==",
      "requires": {
        "@fluentui-react-native/theme": ">=0.5.21 <1.0.0",
        "@fluentui-react-native/theme-tokens": "^0.8.0",
        "@fluentui-react-native/theme-types": ">=0.12.3 <1.0.0",
        "@fluentui-react-native/theming-utils": ">=0.7.5 <1.0.0",
        "assert-never": "^1.2.1"
      }
    },
    "@fluentui-react-native/focus-trap-zone": {
      "version": "0.7.49",
      "resolved": "https://registry.npmjs.org/@fluentui-react-native/focus-trap-zone/-/focus-trap-zone-0.7.49.tgz",
      "integrity": "sha512-DcLcUmOpWtEBgcn/UC8O/xkimADI2RCFW5Wo9pGoiPQM+q+x5s/PRY4vPMebIMcUUlTNbhkuKCjshhmkbTNBlQ==",
      "requires": {
        "@fluentui-react-native/adapters": ">=0.7.4 <1.0.0",
        "@fluentui-react-native/component-cache": "^1.2.3",
        "@fluentui-react-native/interactive-hooks": ">=0.10.49 <1.0.0",
        "@uifabricshared/foundation-composable": ">=0.9.2 <1.0.0",
        "@uifabricshared/foundation-settings": ">=0.10.2 <1.0.0"
      }
    },
    "@fluentui-react-native/focus-zone": {
      "version": "0.7.28",
      "resolved": "https://registry.npmjs.org/@fluentui-react-native/focus-zone/-/focus-zone-0.7.28.tgz",
      "integrity": "sha512-wsvl2QMLLkQ7bViI1V4yVR86S2Yw9ZAp784vRlNAnYyIrymRAahditRmBRCisAwi/kCpZFIdNMaPlvGYNDGzGQ==",
      "requires": {
        "@fluentui-react-native/component-cache": "^1.2.3",
        "@fluentui-react-native/interactive-hooks": ">=0.10.49 <1.0.0",
        "@uifabricshared/foundation-composable": ">=0.9.2 <1.0.0",
        "@uifabricshared/foundation-settings": ">=0.10.2 <1.0.0"
      }
    },
    "@fluentui-react-native/framework": {
      "version": "0.6.1",
      "resolved": "https://registry.npmjs.org/@fluentui-react-native/framework/-/framework-0.6.1.tgz",
      "integrity": "sha512-gDabL8wUBMx2NyIi+57v/MspmQ2OzqQ3DHw7avHx/BY4yHDgTnYnR3fk3FsxZifIDSgyj39qwKINLiVnP0Shbw==",
      "requires": {
        "@fluentui-react-native/composition": ">=0.6.10 <1.0.0",
        "@fluentui-react-native/default-theme": ">=0.8.7 <1.0.0",
        "@fluentui-react-native/immutable-merge": "^1.1.3",
        "@fluentui-react-native/memo-cache": "^1.1.4",
        "@fluentui-react-native/merge-props": ">=0.3.4 <1.0.0",
        "@fluentui-react-native/theme-types": ">=0.12.3 <1.0.0",
        "@fluentui-react-native/tokens": ">=0.10.0 <1.0.0",
        "@fluentui-react-native/use-slot": ">=0.1.6 <1.0.0",
        "@fluentui-react-native/use-slots": ">=0.5.8 <1.0.0",
        "@fluentui-react-native/use-styling": ">=0.7.0 <1.0.0",
        "@fluentui-react-native/use-tokens": ">=0.1.6 <1.0.0"
      }
    },
    "@fluentui-react-native/icon": {
      "version": "0.8.25",
      "resolved": "https://registry.npmjs.org/@fluentui-react-native/icon/-/icon-0.8.25.tgz",
      "integrity": "sha512-w1Q9h+NdEMNvWhhYVmvQ5jZBx3fIOo4TLXGd3Ymm1jnOC2J8WmNAXgDGZ7s8FgZyHHK3KC62r4Jtsn81Aq76ug==",
      "requires": {
        "@fluentui-react-native/default-theme": ">=0.8.7 <1.0.0",
        "@fluentui-react-native/framework": "0.6.1",
        "@fluentui-react-native/text": "^0.10.20",
        "@fluentui-react-native/theme-types": ">=0.12.3 <1.0.0",
        "@fluentui-react-native/theming-utils": ">=0.7.5 <1.0.0",
        "@fluentui-react-native/tokens": ">=0.10.0 <1.0.0",
        "@uifabricshared/foundation-compose": "^1.10.18",
        "react-native-svg": "^12.1.1"
      }
    },
    "@fluentui-react-native/immutable-merge": {
      "version": "1.1.3",
      "resolved": "https://registry.npmjs.org/@fluentui-react-native/immutable-merge/-/immutable-merge-1.1.3.tgz",
      "integrity": "sha512-p/Ko/oPNglia+cE6zG1dLdY0TkWatzL2QYPpOzkfI/Ly+tFzPP/9S2qGkmSFvMjbawqVsfjAoabEIJfl+6KB8A=="
    },
    "@fluentui-react-native/interactive-hooks": {
      "version": "0.10.49",
      "resolved": "https://registry.npmjs.org/@fluentui-react-native/interactive-hooks/-/interactive-hooks-0.10.49.tgz",
      "integrity": "sha512-cY+m5kXw41w8/4M0s182AP44RFYZKLYJ2MX+kDSfZExDe1NjDen5aE8SnbDRAaHobur8NNRiKDbM2nnN9yi7PA==",
      "requires": {
        "invariant": "^2.2.0"
      }
    },
    "@fluentui-react-native/link": {
      "version": "0.14.8",
      "resolved": "https://registry.npmjs.org/@fluentui-react-native/link/-/link-0.14.8.tgz",
      "integrity": "sha512-lzVLNqRkMQsX602ciNsakxwjlHCOd22bhKXd5n6ra30W6QUyo7J6f5NY6IvnGIp3pDbEotMe9WfO7YT2qcUbmA==",
      "requires": {
        "@fluentui-react-native/adapters": ">=0.7.4 <1.0.0",
        "@fluentui-react-native/interactive-hooks": ">=0.10.49 <1.0.0",
        "@fluentui-react-native/text": ">=0.10.20 <1.0.0",
        "@fluentui-react-native/tokens": ">=0.10.0 <1.0.0",
        "@uifabricshared/foundation-composable": ">=0.9.2 <1.0.0",
        "@uifabricshared/foundation-compose": "^1.10.18",
        "@uifabricshared/foundation-settings": ">=0.10.2 <1.0.0"
      }
    },
    "@fluentui-react-native/memo-cache": {
      "version": "1.1.4",
      "resolved": "https://registry.npmjs.org/@fluentui-react-native/memo-cache/-/memo-cache-1.1.4.tgz",
      "integrity": "sha512-aExSVFRFDO03ucNl6oRkeIOeT4deuUDgzTkzS7jxuRfKmVkwrGWF1Vwgp22awuDyN4EHEvDf53y7L/kzL6XgdA=="
    },
    "@fluentui-react-native/menu-button": {
      "version": "0.6.12",
      "resolved": "https://registry.npmjs.org/@fluentui-react-native/menu-button/-/menu-button-0.6.12.tgz",
      "integrity": "sha512-z0hv+lLxgotiu0asdCgIt4jz2p9RG2mSkDYlQXE0NOLvnWuxXFiICxBqvuvsPiQtfpaLLTtnGQTTHIY6hXKJOg==",
      "requires": {
        "@fluentui-react-native/button": "^0.20.11",
        "@fluentui-react-native/component-cache": "^1.2.3",
        "@fluentui-react-native/contextual-menu": "^0.10.26",
        "@fluentui-react-native/icon": "^0.8.25",
        "@fluentui-react-native/interactive-hooks": "^0.10.49",
        "@fluentui-react-native/tokens": "^0.10.0",
        "@uifabricshared/foundation-composable": ">=0.9.2 <1.0.0",
        "@uifabricshared/foundation-compose": "^1.10.18",
        "@uifabricshared/foundation-settings": ">=0.10.2 <1.0.0",
        "react-native-svg": "^12.1.1"
      }
    },
    "@fluentui-react-native/merge-props": {
      "version": "0.3.4",
      "resolved": "https://registry.npmjs.org/@fluentui-react-native/merge-props/-/merge-props-0.3.4.tgz",
      "integrity": "sha512-arUTyzh+lUjo2GwR2mKr/fgDo0GixaSQECipVAKFPyXfnqYCAR9+jsxPCc6lI9PMlb/RCPhtOH3te2kdAC94Zg==",
      "requires": {
        "@fluentui-react-native/immutable-merge": "^1.1.3",
        "@fluentui-react-native/memo-cache": "^1.1.4"
      }
    },
    "@fluentui-react-native/persona": {
      "version": "0.11.21",
      "resolved": "https://registry.npmjs.org/@fluentui-react-native/persona/-/persona-0.11.21.tgz",
      "integrity": "sha512-tWWMjSYgT3otdKSWlXoJotK9CWoRh+etJ/L+HJJFetCsAqdkTPFDwjGhVpQWtQcagX/iDpy7fhh6dbevlAzfbw==",
      "requires": {
        "@fluentui-react-native/adapters": ">=0.7.4 <1.0.0",
        "@fluentui-react-native/framework": ">=0.6.1 <1.0.0",
        "@fluentui-react-native/persona-coin": ">=0.9.21 <1.0.0",
        "@fluentui-react-native/tokens": ">=0.10.0 <1.0.0",
        "@uifabricshared/foundation-composable": ">=0.9.2 <1.0.0",
        "@uifabricshared/foundation-compose": "^1.10.18",
        "@uifabricshared/foundation-settings": ">=0.10.2 <1.0.0",
        "@uifabricshared/foundation-tokens": ">=0.10.2 <1.0.0"
      }
    },
    "@fluentui-react-native/persona-coin": {
      "version": "0.9.21",
      "resolved": "https://registry.npmjs.org/@fluentui-react-native/persona-coin/-/persona-coin-0.9.21.tgz",
      "integrity": "sha512-J9DRebeoWKpcurZajoiPDSVL6oj5bxE0WDNxByBFBnqTeCdbEUD7pZ6EjZHde/ZX+1TLycHekrhMKt+6iNRIgw==",
      "requires": {
        "@fluentui-react-native/adapters": ">=0.7.4 <1.0.0",
        "@fluentui-react-native/framework": ">=0.6.1 <1.0.0",
        "@fluentui-react-native/theme-tokens": ">=0.8.0 <1.0.0",
        "@fluentui-react-native/tokens": ">=0.10.0 <1.0.0",
        "@uifabricshared/foundation-composable": ">=0.9.2 <1.0.0",
        "@uifabricshared/foundation-compose": "^1.10.18",
        "@uifabricshared/foundation-settings": ">=0.10.2 <1.0.0",
        "@uifabricshared/foundation-tokens": ">=0.10.2 <1.0.0"
      }
    },
    "@fluentui-react-native/pressable": {
      "version": "0.7.25",
      "resolved": "https://registry.npmjs.org/@fluentui-react-native/pressable/-/pressable-0.7.25.tgz",
      "integrity": "sha512-Ck3vMyXY/PUgLFPzrtD9ZmkBC8ghk1VK3MK3ncgxKMj/bpou2QrT/DHMHJI2yj/3Fdj4uRKzZ1BPv2i3CSCcTg==",
      "requires": {
        "@fluentui-react-native/adapters": ">=0.7.4 <1.0.0",
        "@fluentui-react-native/interactive-hooks": ">=0.10.49 <1.0.0",
        "@uifabricshared/foundation-composable": ">=0.9.2 <1.0.0",
        "@uifabricshared/foundation-settings": ">=0.10.2 <1.0.0"
      }
    },
    "@fluentui-react-native/radio-group": {
      "version": "0.13.13",
      "resolved": "https://registry.npmjs.org/@fluentui-react-native/radio-group/-/radio-group-0.13.13.tgz",
      "integrity": "sha512-hYH224bePsc45hkCOducpltTRHDNmjyrBbVvqpXfRDqJG+GCzZ2vPOmyOcikJyRhm+sLoWfiaTEKrsxwTNxnxw==",
      "requires": {
        "@fluentui-react-native/adapters": ">=0.7.4 <1.0.0",
        "@fluentui-react-native/component-cache": "^1.2.3",
        "@fluentui-react-native/focus-zone": ">=0.7.28 <1.0.0",
        "@fluentui-react-native/interactive-hooks": ">=0.10.49 <1.0.0",
        "@fluentui-react-native/pressable": ">=0.7.25 <1.0.0",
        "@fluentui-react-native/text": ">=0.10.20 <1.0.0",
        "@fluentui-react-native/tokens": ">=0.10.0 <1.0.0",
        "@uifabricshared/foundation-composable": ">=0.9.2 <1.0.0",
        "@uifabricshared/foundation-compose": "^1.10.18",
        "@uifabricshared/foundation-settings": ">=0.10.2 <1.0.0"
      }
    },
    "@fluentui-react-native/separator": {
      "version": "0.10.40",
      "resolved": "https://registry.npmjs.org/@fluentui-react-native/separator/-/separator-0.10.40.tgz",
      "integrity": "sha512-pOS3wAHgH0q/e5OuZ5ay+ogUJzwVKwUvTWT66OAmJyYd+zFvqRg+6NviMc3mL7w9SoQOXDGPZj/AfqfRei8e7A==",
      "requires": {
        "@fluentui-react-native/framework": ">=0.6.1 <1.0.0"
      }
    },
    "@fluentui-react-native/tabs": {
      "version": "0.5.7",
      "resolved": "https://registry.npmjs.org/@fluentui-react-native/tabs/-/tabs-0.5.7.tgz",
      "integrity": "sha512-pwuWjcrKN66luW0A2AUBc3odPVJgL8YpmEegeCYC1JlD7ukCPiYVTvauk8BFtdD173e/ncywOdTucNQMr+M/ug==",
      "requires": {
        "@fluentui-react-native/adapters": ">=0.7.4 <1.0.0",
        "@fluentui-react-native/focus-zone": ">=0.7.28 <1.0.0",
        "@fluentui-react-native/icon": "0.8.25",
        "@fluentui-react-native/interactive-hooks": ">=0.10.49 <1.0.0",
        "@fluentui-react-native/pressable": ">=0.7.25 <1.0.0",
        "@fluentui-react-native/text": ">=0.10.20 <1.0.0",
        "@fluentui-react-native/tokens": ">=0.10.0 <1.0.0",
        "@uifabricshared/foundation-composable": ">=0.9.2 <1.0.0",
        "@uifabricshared/foundation-compose": "^1.10.18",
        "@uifabricshared/foundation-settings": ">=0.10.2 <1.0.0"
      }
    },
    "@fluentui-react-native/text": {
      "version": "0.10.20",
      "resolved": "https://registry.npmjs.org/@fluentui-react-native/text/-/text-0.10.20.tgz",
      "integrity": "sha512-ccNe5M7o8uo5cbYivqX7Z1EthdoutzTus8y9IDaB4lUjgj/RfgMP/3n9ThgULQ94YrUEIby4XdjETnQhxLK48Q==",
      "requires": {
        "@fluentui-react-native/adapters": ">=0.7.4 <1.0.0",
        "@fluentui-react-native/tokens": ">=0.10.0 <1.0.0",
        "@uifabricshared/foundation-compose": "^1.10.18"
      }
    },
    "@fluentui-react-native/theme": {
      "version": "0.5.21",
      "resolved": "https://registry.npmjs.org/@fluentui-react-native/theme/-/theme-0.5.21.tgz",
      "integrity": "sha512-SuOnZJMY3O317Dqm/HrocBMm6EK6etticNWpbfmbgxIDNdCuWGRtp6LJuYY7RmLhkr24t7OrHyVFICduO9v/GA==",
      "requires": {
        "@fluentui-react-native/immutable-merge": "^1.1.3",
        "@fluentui-react-native/theme-types": ">=0.12.3 <1.0.0"
      }
    },
    "@fluentui-react-native/theme-tokens": {
      "version": "0.8.0",
      "resolved": "https://registry.npmjs.org/@fluentui-react-native/theme-tokens/-/theme-tokens-0.8.0.tgz",
      "integrity": "sha512-7VgJJmSLi2fMVBnBWnMAHp7iXHCzbRyKkzfGCwFEoxYtxOQpQAf9M7ZBl5afyMHUYxhAhiqWXKm7cGQNGyFGSw==",
      "requires": {
        "@fluentui-react-native/theme-types": ">=0.12.3 <1.0.0",
        "assert-never": "^1.2.1"
      }
    },
    "@fluentui-react-native/theme-types": {
      "version": "0.12.3",
      "resolved": "https://registry.npmjs.org/@fluentui-react-native/theme-types/-/theme-types-0.12.3.tgz",
      "integrity": "sha512-pL8DOHWql7oiUCdok4qDA/4ck+ZxQNSeNR3H3P4+sraEb8kyhkD9vFgwWPXB7Te9lbjm9/y9HfZj7ZuxrpqXGQ=="
    },
    "@fluentui-react-native/theming-utils": {
      "version": "0.7.5",
      "resolved": "https://registry.npmjs.org/@fluentui-react-native/theming-utils/-/theming-utils-0.7.5.tgz",
      "integrity": "sha512-1OGcWi/RjjejWpmlZAVq4SZiAfoTUSNXcJRTBf32qnwsMYMa47ftSva0HfeckyVvCrJz3+rh76Ed8v2wpj25Zw==",
      "requires": {
        "@fluentui-react-native/memo-cache": "^1.1.4",
        "@fluentui-react-native/theme-tokens": ">=0.8.0 <1.0.0",
        "@fluentui-react-native/theme-types": ">=0.12.3 <1.0.0"
      }
    },
    "@fluentui-react-native/tokens": {
      "version": "0.10.0",
      "resolved": "https://registry.npmjs.org/@fluentui-react-native/tokens/-/tokens-0.10.0.tgz",
      "integrity": "sha512-VKFQpT7XF98KQxY4ifY/B1FqZyMfyDTFNXp+SUpJvP8Occ6bRAaHc8QD7TV5mt0/kYfNnjz5FzRXHNeUVhm5fw==",
      "requires": {
        "@fluentui-react-native/adapters": ">=0.7.4 <1.0.0",
        "@fluentui-react-native/theme-types": ">=0.12.3 <1.0.0",
        "@uifabricshared/foundation-tokens": ">=0.10.2 <1.0.0",
        "@uifabricshared/theming-ramp": ">=0.15.9 <1.0.0"
      }
    },
    "@fluentui-react-native/use-slot": {
      "version": "0.1.6",
      "resolved": "https://registry.npmjs.org/@fluentui-react-native/use-slot/-/use-slot-0.1.6.tgz",
      "integrity": "sha512-v+AGuYTV03NIiHOEcbm0abqlsxkXxlfqLVJpP8aUnTochDwILweJSAEisRGI8ilHQWEto6H8qVApi/o37NUvkQ==",
      "requires": {
        "@fluentui-react-native/merge-props": ">=0.3.4 <1.0.0"
      }
    },
    "@fluentui-react-native/use-slots": {
      "version": "0.5.8",
      "resolved": "https://registry.npmjs.org/@fluentui-react-native/use-slots/-/use-slots-0.5.8.tgz",
      "integrity": "sha512-fM1RyBbKmIFFvcgQupbjAtu2mKKgb183dMCSfgU85+u1qQ0fH0qVcoQbIJoSZL7EWdozFMGXRnziyFpJUosqJw==",
      "requires": {
        "@fluentui-react-native/use-slot": ">=0.1.6 <1.0.0"
      }
    },
    "@fluentui-react-native/use-styling": {
      "version": "0.7.0",
      "resolved": "https://registry.npmjs.org/@fluentui-react-native/use-styling/-/use-styling-0.7.0.tgz",
      "integrity": "sha512-R0MEBBqtDeBQRMNvwR+Ck6M7qs5emVuD77rlP6UkfkJ7xsdDoMUOhWYxPDpZk3enlLg8YJw6aPgXv/odjE5+ig==",
      "requires": {
        "@fluentui-react-native/memo-cache": "^1.1.4",
        "@fluentui-react-native/use-tokens": "^0.1.6"
      }
    },
    "@fluentui-react-native/use-tokens": {
      "version": "0.1.6",
      "resolved": "https://registry.npmjs.org/@fluentui-react-native/use-tokens/-/use-tokens-0.1.6.tgz",
      "integrity": "sha512-XIJj/+vMbWTeFTMT58QM3arLJe/sFdW/oSdccWO1Ccid3WJLUYpBEW1M6VP9brLhT+gn+NAgbUXbURrk6Z2O1w==",
      "requires": {
        "@fluentui-react-native/immutable-merge": "^1.1.3",
        "@fluentui-react-native/memo-cache": "^1.1.4"
      }
    },
    "@fluentui/react-native": {
      "version": "0.26.3",
      "resolved": "https://registry.npmjs.org/@fluentui/react-native/-/react-native-0.26.3.tgz",
      "integrity": "sha512-6/1K4+lEBL0ImeRrnJ1IM+TPwBgv09IdLFWCUWK3ciZC6MZV9fzDOS4wd24ar53QGl4i1Jj3WXoD3glFLHBplg==",
      "requires": {
        "@fluentui-react-native/button": ">=0.20.11 <1.0.0",
        "@fluentui-react-native/callout": ">=0.17.25 <1.0.0",
        "@fluentui-react-native/checkbox": ">=0.13.12 <1.0.0",
        "@fluentui-react-native/contextual-menu": "0.10.26",
        "@fluentui-react-native/focus-trap-zone": ">=0.7.49 <1.0.0",
        "@fluentui-react-native/focus-zone": ">=0.7.28 <1.0.0",
        "@fluentui-react-native/interactive-hooks": ">=0.10.49 <1.0.0",
        "@fluentui-react-native/link": ">=0.14.8 <1.0.0",
        "@fluentui-react-native/menu-button": ">=0.6.12 <1.0.0",
        "@fluentui-react-native/persona": ">=0.11.21 <1.0.0",
        "@fluentui-react-native/persona-coin": ">=0.9.21 <1.0.0",
        "@fluentui-react-native/pressable": ">=0.7.25 <1.0.0",
        "@fluentui-react-native/radio-group": ">=0.13.13 <1.0.0",
        "@fluentui-react-native/separator": ">=0.10.40 <1.0.0",
        "@fluentui-react-native/tabs": ">=0.5.7 <1.0.0",
        "@fluentui-react-native/text": ">=0.10.20 <1.0.0"
      }
    },
    "@uifabricshared/foundation-composable": {
      "version": "0.9.2",
      "resolved": "https://registry.npmjs.org/@uifabricshared/foundation-composable/-/foundation-composable-0.9.2.tgz",
      "integrity": "sha512-7pv4K+86T1gXnZMFFClQlpCJfZoBv4bJ6Om+pb7+Qx683GTrMVPQoo9kJBN9S9LwID+Ru3h35hmlO/GlfaaN1w==",
      "requires": {
        "@fluentui-react-native/merge-props": ">=0.3.4 <1.0.0",
        "@uifabricshared/foundation-settings": ">=0.10.2 <1.0.0"
      }
    },
    "@uifabricshared/foundation-compose": {
      "version": "1.10.18",
      "resolved": "https://registry.npmjs.org/@uifabricshared/foundation-compose/-/foundation-compose-1.10.18.tgz",
      "integrity": "sha512-Uf0XgMp0JMUx0ht+LPU7BHDncx5lIwKvAS/+uFlRX6UsS0I4GKrY7RWy7fEHSHDzSAN/QAg5lZU8PXL+WpNa8A==",
      "requires": {
        "@fluentui-react-native/default-theme": ">=0.8.7 <1.0.0",
        "@fluentui-react-native/immutable-merge": "^1.1.3",
        "@fluentui-react-native/theme-types": ">=0.12.3 <1.0.0",
        "@uifabricshared/foundation-composable": ">=0.9.2 <1.0.0",
        "@uifabricshared/foundation-settings": ">=0.10.2 <1.0.0",
        "@uifabricshared/foundation-tokens": ">=0.10.2 <1.0.0",
        "@uifabricshared/themed-settings": ">=0.7.1 <1.0.0",
        "@uifabricshared/theming-ramp": ">=0.15.9 <1.0.0"
      }
    },
    "@uifabricshared/foundation-settings": {
      "version": "0.10.2",
      "resolved": "https://registry.npmjs.org/@uifabricshared/foundation-settings/-/foundation-settings-0.10.2.tgz",
      "integrity": "sha512-wNnM/8D58WQZBH8D4JYVDS8zVks7q9+tuL4hu89A30RYKwvPIuoyFj+CAIL26bNbPaB8qzmrE4af/8JHX5G5SA==",
      "requires": {
        "@fluentui-react-native/immutable-merge": "^1.1.3",
        "@fluentui-react-native/merge-props": ">=0.3.4 <1.0.0"
      }
    },
    "@uifabricshared/foundation-tokens": {
      "version": "0.10.2",
      "resolved": "https://registry.npmjs.org/@uifabricshared/foundation-tokens/-/foundation-tokens-0.10.2.tgz",
      "integrity": "sha512-ycdErR6klF0Wxkc5ZDIlZeUQQvLSZsTSKv+Udnao5VpTod7Gmhf6EUWE0CxsjjuVBgCJs9215cbdUEkrtBNJoQ==",
      "requires": {
        "@fluentui-react-native/merge-props": ">=0.3.4 <1.0.0",
        "@uifabricshared/foundation-settings": ">=0.10.2 <1.0.0"
      }
    },
    "@uifabricshared/themed-settings": {
      "version": "0.7.1",
      "resolved": "https://registry.npmjs.org/@uifabricshared/themed-settings/-/themed-settings-0.7.1.tgz",
      "integrity": "sha512-m/soaqtFKj/1dcn+DoN7KCO9lKB+dz6M6DFEtK+ICocv/GMEkEfHP0I6bzf+rcfQFe47W6rlkWA/LDheuLZk/A==",
      "requires": {
        "@uifabricshared/foundation-settings": ">=0.10.2 <1.0.0"
      }
    },
    "@uifabricshared/theming-ramp": {
      "version": "0.15.9",
      "resolved": "https://registry.npmjs.org/@uifabricshared/theming-ramp/-/theming-ramp-0.15.9.tgz",
      "integrity": "sha512-fIjWdX5Cki8ffbFcViq0jdJIRBZ1orDu0ZJ3QPMJWJ21rzhw4S66G/HOUB825h6F1FigcJeZFdc6eSrnLNNhHw==",
      "requires": {
        "@fluentui-react-native/immutable-merge": "^1.1.3",
        "@fluentui-react-native/theme-types": ">=0.12.3 <1.0.0",
        "@uifabricshared/foundation-settings": ">=0.10.2 <1.0.0"
      }
    },
    "assert-never": {
      "version": "1.2.1",
      "resolved": "https://registry.npmjs.org/assert-never/-/assert-never-1.2.1.tgz",
      "integrity": "sha512-TaTivMB6pYI1kXwrFlEhLeGfOqoDNdTxjCdwRfFFkEA30Eu+k48W34nlok2EYWJfFFzqaEmichdNM7th6M5HNw=="
    },
    "boolbase": {
      "version": "1.0.0",
      "resolved": "https://registry.npmjs.org/boolbase/-/boolbase-1.0.0.tgz",
      "integrity": "sha1-aN/1++YMUes3cl6p4+0xDcwed24="
    },
    "css-select": {
      "version": "2.1.0",
      "resolved": "https://registry.npmjs.org/css-select/-/css-select-2.1.0.tgz",
      "integrity": "sha512-Dqk7LQKpwLoH3VovzZnkzegqNSuAziQyNZUcrdDM401iY+R5NkGBXGmtO05/yaXQziALuPogeG0b7UAgjnTJTQ==",
      "requires": {
        "boolbase": "^1.0.0",
        "css-what": "^3.2.1",
        "domutils": "^1.7.0",
        "nth-check": "^1.0.2"
      }
    },
    "css-tree": {
      "version": "1.1.3",
      "resolved": "https://registry.npmjs.org/css-tree/-/css-tree-1.1.3.tgz",
      "integrity": "sha512-tRpdppF7TRazZrjJ6v3stzv93qxRcSsFmW6cX0Zm2NVKpxE1WV1HblnghVv9TreireHkqI/VDEsfolRF1p6y7Q==",
      "requires": {
        "mdn-data": "2.0.14",
        "source-map": "^0.6.1"
      }
    },
    "css-what": {
      "version": "3.4.2",
      "resolved": "https://registry.npmjs.org/css-what/-/css-what-3.4.2.tgz",
      "integrity": "sha512-ACUm3L0/jiZTqfzRM3Hi9Q8eZqd6IK37mMWPLz9PJxkLWllYeRf+EHUSHYEtFop2Eqytaq1FizFVh7XfBnXCDQ=="
    },
    "dom-serializer": {
      "version": "0.2.2",
      "resolved": "https://registry.npmjs.org/dom-serializer/-/dom-serializer-0.2.2.tgz",
      "integrity": "sha512-2/xPb3ORsQ42nHYiSunXkDjPLBaEj/xTwUO4B7XCZQTRk7EBtTOPaygh10YAAh2OI1Qrp6NWfpAhzswj0ydt9g==",
      "requires": {
        "domelementtype": "^2.0.1",
        "entities": "^2.0.0"
      },
      "dependencies": {
        "domelementtype": {
          "version": "2.2.0",
          "resolved": "https://registry.npmjs.org/domelementtype/-/domelementtype-2.2.0.tgz",
          "integrity": "sha512-DtBMo82pv1dFtUmHyr48beiuq792Sxohr+8Hm9zoxklYPfa6n0Z3Byjj2IV7bmr2IyqClnqEQhfgHJJ5QF0R5A=="
        }
      }
    },
    "domelementtype": {
      "version": "1.3.1",
      "resolved": "https://registry.npmjs.org/domelementtype/-/domelementtype-1.3.1.tgz",
      "integrity": "sha512-BSKB+TSpMpFI/HOxCNr1O8aMOTZ8hT3pM3GQ0w/mWRmkhEDSFJkkyzz4XQsBV44BChwGkrDfMyjVD0eA2aFV3w=="
    },
    "domutils": {
      "version": "1.7.0",
      "resolved": "https://registry.npmjs.org/domutils/-/domutils-1.7.0.tgz",
      "integrity": "sha512-Lgd2XcJ/NjEw+7tFvfKxOzCYKZsdct5lczQ2ZaQY8Djz7pfAD3Gbp8ySJWtreII/vDlMVmxwa6pHmdxIYgttDg==",
      "requires": {
        "dom-serializer": "0",
        "domelementtype": "1"
      }
    },
    "entities": {
      "version": "2.2.0",
      "resolved": "https://registry.npmjs.org/entities/-/entities-2.2.0.tgz",
      "integrity": "sha512-p92if5Nz619I0w+akJrLZH0MX0Pb5DX39XOwQTtXSdQQOaYH03S1uIQp4mhOZtAXrxq4ViO67YTiLBo2638o9A=="
    },
    "invariant": {
      "version": "2.2.4",
      "resolved": "https://registry.npmjs.org/invariant/-/invariant-2.2.4.tgz",
      "integrity": "sha512-phJfQVBuaJM5raOpJjSfkiD6BpbCE4Ns//LaXl6wGYtUBY83nWS6Rf9tXm2e8VaK60JEjYldbPif/A2B1C2gNA==",
      "requires": {
        "loose-envify": "^1.0.0"
      }
    },
    "js-tokens": {
      "version": "4.0.0",
      "resolved": "https://registry.npmjs.org/js-tokens/-/js-tokens-4.0.0.tgz",
      "integrity": "sha512-RdJUflcE3cUzKiMqQgsCu06FPu9UdIJO0beYbPhHN4k6apgJtifcoCtT9bcxOpYBtpD2kCM6Sbzg4CausW/PKQ=="
    },
    "loose-envify": {
      "version": "1.4.0",
      "resolved": "https://registry.npmjs.org/loose-envify/-/loose-envify-1.4.0.tgz",
      "integrity": "sha512-lyuxPGr/Wfhrlem2CL/UcnUc1zcqKAImBDzukY7Y5F/yQiNdko6+fRLevlw1HgMySw7f611UIY408EtxRSoK3Q==",
      "requires": {
        "js-tokens": "^3.0.0 || ^4.0.0"
      }
    },
    "mdn-data": {
      "version": "2.0.14",
      "resolved": "https://registry.npmjs.org/mdn-data/-/mdn-data-2.0.14.tgz",
      "integrity": "sha512-dn6wd0uw5GsdswPFfsgMp5NSB0/aDe6fK94YJV/AJDYXL6HVLWBsxeq7js7Ad+mU2K9LAlwpk6kN2D5mwCPVow=="
    },
    "nth-check": {
      "version": "1.0.2",
      "resolved": "https://registry.npmjs.org/nth-check/-/nth-check-1.0.2.tgz",
      "integrity": "sha512-WeBOdju8SnzPN5vTUJYxYUxLeXpCaVP5i5e0LF8fg7WORF2Wd7wFX/pk0tYZk7s8T+J7VLy0Da6J1+wCT0AtHg==",
      "requires": {
        "boolbase": "~1.0.0"
      }
    },
    "react-native-svg": {
      "version": "12.1.1",
      "resolved": "https://registry.npmjs.org/react-native-svg/-/react-native-svg-12.1.1.tgz",
      "integrity": "sha512-NIAJ8jCnXGCqGWXkkJ1GTzO4a3Md5at5sagYV8Vh4MXYnL4z5Rh428Wahjhh+LIjx40EE5xM5YtwyJBqOIba2Q==",
      "requires": {
        "css-select": "^2.1.0",
        "css-tree": "^1.0.0-alpha.39"
      }
    },
    "source-map": {
      "version": "0.6.1",
      "resolved": "https://registry.npmjs.org/source-map/-/source-map-0.6.1.tgz",
      "integrity": "sha512-UjgapumWlbMhkBgzT7Ykc5YXUT46F0iKu8SGXq0bcwP5dz/h0Plj6enJqjz1Zbq2l5WaqYnrVbwWOWMyF3F47g=="
    }
  }
}
